
Microsoft Visual Studio Solution File, Format Version 12.00
# Visual Studio Version 17
VisualStudioVersion = 17.14.36414.22 d17.14
MinimumVisualStudioVersion = 10.0.40219.1
Project("{FAE04EC0-301F-11D3-BF4B-00C04F79EFBC}") = "20250925_Diccionaris", "20250925_Diccionaris.csproj", "{80672C28-CBD2-4140-B9E7-DD1067EE3A34}"
EndProject
Global
	GlobalSection(SolutionConfigurationPlatforms) = preSolution
		Debug|Any CPU = Debug|Any CPU
		Release|Any CPU = Release|Any CPU
	EndGlobalSection
	GlobalSection(ProjectConfigurationPlatforms) = postSolution
		{80672C28-CBD2-4140-B9E7-DD1067EE3A34}.Debug|Any CPU.ActiveCfg = Debug|Any CPU
		{80672C28-CBD2-4140-B9E7-DD1067EE3A34}.Debug|Any CPU.Build.0 = Debug|Any CPU
		{80672C28-CBD2-4140-B9E7-DD1067EE3A34}.Release|Any CPU.ActiveCfg = Release|Any CPU
		{80672C28-CBD2-4140-B9E7-DD1067EE3A34}.Release|Any CPU.Build.0 = Release|Any CPU
	EndGlobalSection
	GlobalSection(SolutionProperties) = preSolution
		HideSolutionNode = FALSE
	EndGlobalSection
	GlobalSection(ExtensibilityGlobals) = postSolution
		SolutionGuid = {46CDF81E-3DB9-4988-8C84-611D15A64932}
	EndGlobalSection
EndGlobal
